<?xml version="1.0" encoding="utf-8"?>
<Project ToolsVersion="17.0" xmlns="http://schemas.microsoft.com/developer/msbuild/2003">
  <ItemGroup>
    <ClCompile Include="E:\vs_project\aliddns_cpp_all\jsoncpp-src\jsoncpp-1.9.5\src\test_lib_json\jsontest.cpp">
      <Filter>Source Files</Filter>
    </ClCompile>
    <ClCompile Include="E:\vs_project\aliddns_cpp_all\jsoncpp-src\jsoncpp-1.9.5\src\test_lib_json\fuzz.cpp">
      <Filter>Source Files</Filter>
    </ClCompile>
    <ClCompile Include="E:\vs_project\aliddns_cpp_all\jsoncpp-src\jsoncpp-1.9.5\src\test_lib_json\main.cpp">
      <Filter>Source Files</Filter>
    </ClCompile>
  </ItemGroup>
  <ItemGroup>
    <ClInclude Include="E:\vs_project\aliddns_cpp_all\jsoncpp-src\jsoncpp-1.9.5\src\test_lib_json\jsontest.h">
      <Filter>Header Files</Filter>
    </ClInclude>
    <ClInclude Include="E:\vs_project\aliddns_cpp_all\jsoncpp-src\jsoncpp-1.9.5\src\test_lib_json\fuzz.h">
      <Filter>Header Files</Filter>
    </ClInclude>
  </ItemGroup>
  <ItemGroup>
    <CustomBuild Include="E:\vs_project\aliddns_cpp_all\jsoncpp-src\jsoncpp-1.9.5\src\test_lib_json\CMakeLists.txt" />
  </ItemGroup>
  <ItemGroup>
    <Filter Include="Header Files">
      <UniqueIdentifier>{040D184D-F3DB-3200-B28D-E145773EE9EE}</UniqueIdentifier>
    </Filter>
    <Filter Include="Source Files">
      <UniqueIdentifier>{07107CFA-DAFA-3811-86B8-DC2A51678EE1}</UniqueIdentifier>
    </Filter>
  </ItemGroup>
</Project>
