<?xml version="1.0" encoding="utf-8"?>
<Project ToolsVersion="17.0" xmlns="http://schemas.microsoft.com/developer/msbuild/2003">
  <ItemGroup>
    <CustomBuild Include="E:\vs_project\my_dns_cpp\curl-src\curl-8.2.1-build\CMakeFiles\cafbbb5cccd75d52b8d6ffd6ee82967f\INSTALL_force.rule">
      <Filter>CMake Rules</Filter>
    </CustomBuild>
  </ItemGroup>
  <ItemGroup>
    <Filter Include="CMake Rules">
      <UniqueIdentifier>{22BD91D7-D8B0-3319-B03C-FADEB24C85CC}</UniqueIdentifier>
    </Filter>
  </ItemGroup>
</Project>
